
Microsoft Visual Studio Solution File, Format Version 12.00
# Visual Studio 15
VisualStudioVersion = 15.0.28307.779
MinimumVisualStudioVersion = 10.0.40219.1
Project("{2150E333-8FDC-42A3-9474-1A3956D46DE8}") = "Kapitel 1", "Kapitel 1", "{3C1EDC91-2702-4042-A8C3-AD4876B6F90D}"
EndProject
Project("{2150E333-8FDC-42A3-9474-1A3956D46DE8}") = "Diverse övningsuppgifter", "Diverse övningsuppgifter", "{0F0E5237-3785-450F-87B3-0E9F48BB45CC}"
EndProject
Project("{9A19103F-16F7-4668-BE54-9A1E7A4F7556}") = "ArvMedDjur", "ArvMedDjur\ArvMedDjur.csproj", "{6371E5DE-58D0-46BD-80C3-33EDA626F7FF}"
EndProject
Project("{2150E333-8FDC-42A3-9474-1A3956D46DE8}") = "Kapitel 2", "Kapitel 2", "{D3DADC96-CE27-498A-B794-38E3F618D33E}"
EndProject
Project("{2150E333-8FDC-42A3-9474-1A3956D46DE8}") = "Diverse övningsuppgifter", "Diverse övningsuppgifter", "{8FA2E145-48C1-4A34-810D-325EC45DBC57}"
EndProject
Project("{2150E333-8FDC-42A3-9474-1A3956D46DE8}") = "Övningar", "Övningar", "{C19B2D4E-B867-4B55-A864-A2B7DDFC773D}"
EndProject
Project("{FAE04EC0-301F-11D3-BF4B-00C04F79EFBC}") = "Övning 1.5", "Fordon Improved\Fordon Improved\Övning 1.5.csproj", "{3F7EC2D4-F21A-47F3-9EB2-2CE189FF4E34}"
EndProject
Project("{9A19103F-16F7-4668-BE54-9A1E7A4F7556}") = "MetodCheck", "MetodCheck\MetodCheck.csproj", "{0BD73A11-19AE-4990-907C-C55906971C49}"
EndProject
Project("{FAE04EC0-301F-11D3-BF4B-00C04F79EFBC}") = "Strängomvandlare", "Strängomvandlare\Strängomvandlare.csproj", "{D14C4226-BA18-4CBB-85E4-095E13B17B78}"
EndProject
Project("{FAE04EC0-301F-11D3-BF4B-00C04F79EFBC}") = "Träna på klasser", "Träna på klasser\Träna på klasser.csproj", "{97AB7933-414B-486B-908E-F1BF18FD503B}"
EndProject
Project("{FAE04EC0-301F-11D3-BF4B-00C04F79EFBC}") = "Övning 1.1", "Övning 1.1\Övning 1.1\Övning 1.1.csproj", "{B5DA052E-3C0E-4624-A389-577AB01249B9}"
EndProject
Project("{2150E333-8FDC-42A3-9474-1A3956D46DE8}") = "Övningar", "Övningar", "{A55B08D3-6506-4122-A236-8B5260EACBCB}"
EndProject
Project("{FAE04EC0-301F-11D3-BF4B-00C04F79EFBC}") = "Övning 2.1", "Övning 2.1\Övning 2.1.csproj", "{02EEE008-E9D4-4B0E-9EB2-68B90361C68F}"
EndProject
Project("{2150E333-8FDC-42A3-9474-1A3956D46DE8}") = "Övrigt", "Övrigt", "{9B3BEA16-4803-43E1-BE29-4E0D0CF6175F}"
EndProject
Project("{FAE04EC0-301F-11D3-BF4B-00C04F79EFBC}") = "Programmeringsanteckningar", "Programmeringsanteckningar\Programmeringsanteckningar.csproj", "{611FD67A-EA68-458A-B77B-656B7BD2CD05}"
EndProject
Project("{FAE04EC0-301F-11D3-BF4B-00C04F79EFBC}") = "Programmeringsanteckningar_CMD", "Programmeringsanteckningar_CMD\Programmeringsanteckningar_CMD.csproj", "{88B4E378-CBAC-4F14-8EAD-351FAE97D30F}"
EndProject
Project("{2150E333-8FDC-42A3-9474-1A3956D46DE8}") = "Prov Arkiv", "Prov Arkiv", "{95CF437D-0102-4E3D-A1C0-E020E628990F}"
EndProject
Project("{FAE04EC0-301F-11D3-BF4B-00C04F79EFBC}") = "PROV_KAP_1_ERIK_JUNSVED", "PROV_KAP_1_ERIK_JUNSVED\PROV_KAP_1_ERIK_JUNSVED\PROV_KAP_1_ERIK_JUNSVED.csproj", "{091C87E8-3A8F-447E-A574-D550053C1DD0}"
EndProject
Project("{FAE04EC0-301F-11D3-BF4B-00C04F79EFBC}") = "Övning 2.1 - Gå-tillbaka-kopia", "Övning 2.1 - kopia\Övning 2.1 - Gå-tillbaka-kopia.csproj", "{8D99044C-864F-4731-B5F1-95BB13606E99}"
EndProject
Project("{FAE04EC0-301F-11D3-BF4B-00C04F79EFBC}") = "Övning 2.2", "Övning 2.2\Övning 2.2.csproj", "{23352119-AB78-4979-968B-A008D1524AD3}"
EndProject
Project("{9A19103F-16F7-4668-BE54-9A1E7A4F7556}") = "Träna på advanc. obj. orient", "Träna på advanc. obj. orient\Träna på advanc. obj. orient.csproj", "{2437724D-6A34-4E70-9A8E-BA1B7DBD12A3}"
EndProject
Project("{FAE04EC0-301F-11D3-BF4B-00C04F79EFBC}") = "Övning 2.3", "Övning 2.3\Övning 2.3.csproj", "{FB3A20BD-B853-4733-908B-FEA5532747C5}"
EndProject
Project("{2150E333-8FDC-42A3-9474-1A3956D46DE8}") = "Lall-program", "Lall-program", "{3B752D3D-47A8-498B-98C0-98AA0D727C7F}"
EndProject
Project("{9A19103F-16F7-4668-BE54-9A1E7A4F7556}") = "Övning 2.5", "Övning 2.5\Övning 2.5.csproj", "{8504FFF5-660E-40F1-90B1-7FDB204F7DE7}"
EndProject
Project("{FAE04EC0-301F-11D3-BF4B-00C04F79EFBC}") = "Övning 2.8", "Övning 2.8\Övning 2.8.csproj", "{CB2FE933-AB47-4720-9E3C-361BEC40C6B7}"
EndProject
Project("{2150E333-8FDC-42A3-9474-1A3956D46DE8}") = "Spelprogrammering", "Spelprogrammering", "{19D40184-5F64-4189-9172-6D1191F26952}"
	ProjectSection(SolutionItems) = preProject
		Generella anteckningar.txt = Generella anteckningar.txt
	EndProjectSection
EndProject
Project("{FAE04EC0-301F-11D3-BF4B-00C04F79EFBC}") = "PROV_KAP_2_ERIK_JUNSVED", "PROV_KAP_2_ERIK_JUNSVED\PROV_KAP_2_ERIK_JUNSVED\PROV_KAP_2_ERIK_JUNSVED.csproj", "{CD2720EF-51DD-4976-8143-296B0482AF10}"
EndProject
Project("{FAE04EC0-301F-11D3-BF4B-00C04F79EFBC}") = "SpaceShooter", "SpaceShooter\SpaceShooter\SpaceShooter.csproj", "{B9CE9228-2637-4F6C-853E-7E8561F3DFFD}"
EndProject
Project("{2150E333-8FDC-42A3-9474-1A3956D46DE8}") = "Osorterade uppgifter", "Osorterade uppgifter", "{8D7C0832-81AB-4C82-9A74-3A6E7FA2DC95}"
EndProject
Project("{2150E333-8FDC-42A3-9474-1A3956D46DE8}") = "Annat", "Annat", "{E1B5AEAC-2040-404D-97CE-92F2FBEB56D2}"
EndProject
Project("{FAE04EC0-301F-11D3-BF4B-00C04F79EFBC}") = "SlumpaLösenord", "SlumpaLösenord\SlumpaLösenord.csproj", "{563F21FD-57A0-4A61-8170-9CC44CE68BC5}"
EndProject
Project("{FAE04EC0-301F-11D3-BF4B-00C04F79EFBC}") = "Spelprojekt", "Spelprojekt\Spelprojekt.csproj", "{C3ABB5B4-2E3E-4372-9EDC-22E435474F7C}"
EndProject
Project("{2150E333-8FDC-42A3-9474-1A3956D46DE8}") = "Experimentering", "Experimentering", "{547983BD-E6AE-42F8-A840-40ABC6C5E190}"
EndProject
Project("{9A19103F-16F7-4668-BE54-9A1E7A4F7556}") = "ThreadingTestDiskWrite", "ThreadingTest\ThreadingTestDiskWrite.csproj", "{3D7660E6-7A0D-4206-84E0-B0A326C5B437}"
EndProject
Project("{2150E333-8FDC-42A3-9474-1A3956D46DE8}") = "Kapitel 5", "Kapitel 5", "{2A1864DA-9410-40A2-A896-4FD58F67BA6A}"
EndProject
Project("{2150E333-8FDC-42A3-9474-1A3956D46DE8}") = "Övning_5_1", "Övning_5_1", "{FE2481EE-8A78-41E5-83EF-A3178904A648}"
EndProject
Project("{FAE04EC0-301F-11D3-BF4B-00C04F79EFBC}") = "Övning_5_1_Server", "Övning_5_2_Server\Övning_5_1_Server.csproj", "{CA0A121E-861E-4FF0-83FE-2EBC3470E49F}"
EndProject
Project("{FAE04EC0-301F-11D3-BF4B-00C04F79EFBC}") = "Övning_5_1_Klient", "Övning_5_2_Klient\Övning_5_1_Klient.csproj", "{FDC82076-308D-4928-A829-441DF974D390}"
EndProject
Project("{FAE04EC0-301F-11D3-BF4B-00C04F79EFBC}") = "Övning_5_2", "WindowsFormsApp1\Övning_5_2.csproj", "{CAD02AF3-32E9-48A7-9FED-7C4FC81BA8EF}"
EndProject
Global
	GlobalSection(SolutionConfigurationPlatforms) = preSolution
		Debug|Any CPU = Debug|Any CPU
		Debug|x86 = Debug|x86
		Release|Any CPU = Release|Any CPU
		Release|x86 = Release|x86
	EndGlobalSection
	GlobalSection(ProjectConfigurationPlatforms) = postSolution
		{6371E5DE-58D0-46BD-80C3-33EDA626F7FF}.Debug|Any CPU.ActiveCfg = Debug|Any CPU
		{6371E5DE-58D0-46BD-80C3-33EDA626F7FF}.Debug|Any CPU.Build.0 = Debug|Any CPU
		{6371E5DE-58D0-46BD-80C3-33EDA626F7FF}.Debug|x86.ActiveCfg = Debug|Any CPU
		{6371E5DE-58D0-46BD-80C3-33EDA626F7FF}.Debug|x86.Build.0 = Debug|Any CPU
		{6371E5DE-58D0-46BD-80C3-33EDA626F7FF}.Release|Any CPU.ActiveCfg = Release|Any CPU
		{6371E5DE-58D0-46BD-80C3-33EDA626F7FF}.Release|Any CPU.Build.0 = Release|Any CPU
		{6371E5DE-58D0-46BD-80C3-33EDA626F7FF}.Release|x86.ActiveCfg = Release|Any CPU
		{6371E5DE-58D0-46BD-80C3-33EDA626F7FF}.Release|x86.Build.0 = Release|Any CPU
		{3F7EC2D4-F21A-47F3-9EB2-2CE189FF4E34}.Debug|Any CPU.ActiveCfg = Debug|Any CPU
		{3F7EC2D4-F21A-47F3-9EB2-2CE189FF4E34}.Debug|Any CPU.Build.0 = Debug|Any CPU
		{3F7EC2D4-F21A-47F3-9EB2-2CE189FF4E34}.Debug|x86.ActiveCfg = Debug|Any CPU
		{3F7EC2D4-F21A-47F3-9EB2-2CE189FF4E34}.Debug|x86.Build.0 = Debug|Any CPU
		{3F7EC2D4-F21A-47F3-9EB2-2CE189FF4E34}.Release|Any CPU.ActiveCfg = Release|Any CPU
		{3F7EC2D4-F21A-47F3-9EB2-2CE189FF4E34}.Release|Any CPU.Build.0 = Release|Any CPU
		{3F7EC2D4-F21A-47F3-9EB2-2CE189FF4E34}.Release|x86.ActiveCfg = Release|Any CPU
		{3F7EC2D4-F21A-47F3-9EB2-2CE189FF4E34}.Release|x86.Build.0 = Release|Any CPU
		{0BD73A11-19AE-4990-907C-C55906971C49}.Debug|Any CPU.ActiveCfg = Debug|Any CPU
		{0BD73A11-19AE-4990-907C-C55906971C49}.Debug|Any CPU.Build.0 = Debug|Any CPU
		{0BD73A11-19AE-4990-907C-C55906971C49}.Debug|x86.ActiveCfg = Debug|Any CPU
		{0BD73A11-19AE-4990-907C-C55906971C49}.Debug|x86.Build.0 = Debug|Any CPU
		{0BD73A11-19AE-4990-907C-C55906971C49}.Release|Any CPU.ActiveCfg = Release|Any CPU
		{0BD73A11-19AE-4990-907C-C55906971C49}.Release|Any CPU.Build.0 = Release|Any CPU
		{0BD73A11-19AE-4990-907C-C55906971C49}.Release|x86.ActiveCfg = Release|Any CPU
		{0BD73A11-19AE-4990-907C-C55906971C49}.Release|x86.Build.0 = Release|Any CPU
		{D14C4226-BA18-4CBB-85E4-095E13B17B78}.Debug|Any CPU.ActiveCfg = Debug|Any CPU
		{D14C4226-BA18-4CBB-85E4-095E13B17B78}.Debug|Any CPU.Build.0 = Debug|Any CPU
		{D14C4226-BA18-4CBB-85E4-095E13B17B78}.Debug|x86.ActiveCfg = Debug|Any CPU
		{D14C4226-BA18-4CBB-85E4-095E13B17B78}.Debug|x86.Build.0 = Debug|Any CPU
		{D14C4226-BA18-4CBB-85E4-095E13B17B78}.Release|Any CPU.ActiveCfg = Release|Any CPU
		{D14C4226-BA18-4CBB-85E4-095E13B17B78}.Release|Any CPU.Build.0 = Release|Any CPU
		{D14C4226-BA18-4CBB-85E4-095E13B17B78}.Release|x86.ActiveCfg = Release|Any CPU
		{D14C4226-BA18-4CBB-85E4-095E13B17B78}.Release|x86.Build.0 = Release|Any CPU
		{97AB7933-414B-486B-908E-F1BF18FD503B}.Debug|Any CPU.ActiveCfg = Debug|Any CPU
		{97AB7933-414B-486B-908E-F1BF18FD503B}.Debug|Any CPU.Build.0 = Debug|Any CPU
		{97AB7933-414B-486B-908E-F1BF18FD503B}.Debug|x86.ActiveCfg = Debug|Any CPU
		{97AB7933-414B-486B-908E-F1BF18FD503B}.Debug|x86.Build.0 = Debug|Any CPU
		{97AB7933-414B-486B-908E-F1BF18FD503B}.Release|Any CPU.ActiveCfg = Release|Any CPU
		{97AB7933-414B-486B-908E-F1BF18FD503B}.Release|Any CPU.Build.0 = Release|Any CPU
		{97AB7933-414B-486B-908E-F1BF18FD503B}.Release|x86.ActiveCfg = Release|Any CPU
		{97AB7933-414B-486B-908E-F1BF18FD503B}.Release|x86.Build.0 = Release|Any CPU
		{B5DA052E-3C0E-4624-A389-577AB01249B9}.Debug|Any CPU.ActiveCfg = Debug|Any CPU
		{B5DA052E-3C0E-4624-A389-577AB01249B9}.Debug|Any CPU.Build.0 = Debug|Any CPU
		{B5DA052E-3C0E-4624-A389-577AB01249B9}.Debug|x86.ActiveCfg = Debug|Any CPU
		{B5DA052E-3C0E-4624-A389-577AB01249B9}.Debug|x86.Build.0 = Debug|Any CPU
		{B5DA052E-3C0E-4624-A389-577AB01249B9}.Release|Any CPU.ActiveCfg = Release|Any CPU
		{B5DA052E-3C0E-4624-A389-577AB01249B9}.Release|Any CPU.Build.0 = Release|Any CPU
		{B5DA052E-3C0E-4624-A389-577AB01249B9}.Release|x86.ActiveCfg = Release|Any CPU
		{B5DA052E-3C0E-4624-A389-577AB01249B9}.Release|x86.Build.0 = Release|Any CPU
		{02EEE008-E9D4-4B0E-9EB2-68B90361C68F}.Debug|Any CPU.ActiveCfg = Debug|Any CPU
		{02EEE008-E9D4-4B0E-9EB2-68B90361C68F}.Debug|Any CPU.Build.0 = Debug|Any CPU
		{02EEE008-E9D4-4B0E-9EB2-68B90361C68F}.Debug|x86.ActiveCfg = Debug|Any CPU
		{02EEE008-E9D4-4B0E-9EB2-68B90361C68F}.Debug|x86.Build.0 = Debug|Any CPU
		{02EEE008-E9D4-4B0E-9EB2-68B90361C68F}.Release|Any CPU.ActiveCfg = Release|Any CPU
		{02EEE008-E9D4-4B0E-9EB2-68B90361C68F}.Release|Any CPU.Build.0 = Release|Any CPU
		{02EEE008-E9D4-4B0E-9EB2-68B90361C68F}.Release|x86.ActiveCfg = Release|Any CPU
		{02EEE008-E9D4-4B0E-9EB2-68B90361C68F}.Release|x86.Build.0 = Release|Any CPU
		{611FD67A-EA68-458A-B77B-656B7BD2CD05}.Debug|Any CPU.ActiveCfg = Debug|Any CPU
		{611FD67A-EA68-458A-B77B-656B7BD2CD05}.Debug|Any CPU.Build.0 = Debug|Any CPU
		{611FD67A-EA68-458A-B77B-656B7BD2CD05}.Debug|x86.ActiveCfg = Debug|Any CPU
		{611FD67A-EA68-458A-B77B-656B7BD2CD05}.Debug|x86.Build.0 = Debug|Any CPU
		{611FD67A-EA68-458A-B77B-656B7BD2CD05}.Release|Any CPU.ActiveCfg = Release|Any CPU
		{611FD67A-EA68-458A-B77B-656B7BD2CD05}.Release|Any CPU.Build.0 = Release|Any CPU
		{611FD67A-EA68-458A-B77B-656B7BD2CD05}.Release|x86.ActiveCfg = Release|Any CPU
		{611FD67A-EA68-458A-B77B-656B7BD2CD05}.Release|x86.Build.0 = Release|Any CPU
		{88B4E378-CBAC-4F14-8EAD-351FAE97D30F}.Debug|Any CPU.ActiveCfg = Debug|Any CPU
		{88B4E378-CBAC-4F14-8EAD-351FAE97D30F}.Debug|Any CPU.Build.0 = Debug|Any CPU
		{88B4E378-CBAC-4F14-8EAD-351FAE97D30F}.Debug|x86.ActiveCfg = Debug|Any CPU
		{88B4E378-CBAC-4F14-8EAD-351FAE97D30F}.Debug|x86.Build.0 = Debug|Any CPU
		{88B4E378-CBAC-4F14-8EAD-351FAE97D30F}.Release|Any CPU.ActiveCfg = Release|Any CPU
		{88B4E378-CBAC-4F14-8EAD-351FAE97D30F}.Release|Any CPU.Build.0 = Release|Any CPU
		{88B4E378-CBAC-4F14-8EAD-351FAE97D30F}.Release|x86.ActiveCfg = Release|Any CPU
		{88B4E378-CBAC-4F14-8EAD-351FAE97D30F}.Release|x86.Build.0 = Release|Any CPU
		{091C87E8-3A8F-447E-A574-D550053C1DD0}.Debug|Any CPU.ActiveCfg = Debug|Any CPU
		{091C87E8-3A8F-447E-A574-D550053C1DD0}.Debug|Any CPU.Build.0 = Debug|Any CPU
		{091C87E8-3A8F-447E-A574-D550053C1DD0}.Debug|x86.ActiveCfg = Debug|Any CPU
		{091C87E8-3A8F-447E-A574-D550053C1DD0}.Debug|x86.Build.0 = Debug|Any CPU
		{091C87E8-3A8F-447E-A574-D550053C1DD0}.Release|Any CPU.ActiveCfg = Release|Any CPU
		{091C87E8-3A8F-447E-A574-D550053C1DD0}.Release|Any CPU.Build.0 = Release|Any CPU
		{091C87E8-3A8F-447E-A574-D550053C1DD0}.Release|x86.ActiveCfg = Release|Any CPU
		{091C87E8-3A8F-447E-A574-D550053C1DD0}.Release|x86.Build.0 = Release|Any CPU
		{8D99044C-864F-4731-B5F1-95BB13606E99}.Debug|Any CPU.ActiveCfg = Debug|Any CPU
		{8D99044C-864F-4731-B5F1-95BB13606E99}.Debug|Any CPU.Build.0 = Debug|Any CPU
		{8D99044C-864F-4731-B5F1-95BB13606E99}.Debug|x86.ActiveCfg = Debug|Any CPU
		{8D99044C-864F-4731-B5F1-95BB13606E99}.Debug|x86.Build.0 = Debug|Any CPU
		{8D99044C-864F-4731-B5F1-95BB13606E99}.Release|Any CPU.ActiveCfg = Release|Any CPU
		{8D99044C-864F-4731-B5F1-95BB13606E99}.Release|Any CPU.Build.0 = Release|Any CPU
		{8D99044C-864F-4731-B5F1-95BB13606E99}.Release|x86.ActiveCfg = Release|Any CPU
		{8D99044C-864F-4731-B5F1-95BB13606E99}.Release|x86.Build.0 = Release|Any CPU
		{23352119-AB78-4979-968B-A008D1524AD3}.Debug|Any CPU.ActiveCfg = Debug|Any CPU
		{23352119-AB78-4979-968B-A008D1524AD3}.Debug|Any CPU.Build.0 = Debug|Any CPU
		{23352119-AB78-4979-968B-A008D1524AD3}.Debug|x86.ActiveCfg = Debug|Any CPU
		{23352119-AB78-4979-968B-A008D1524AD3}.Debug|x86.Build.0 = Debug|Any CPU
		{23352119-AB78-4979-968B-A008D1524AD3}.Release|Any CPU.ActiveCfg = Release|Any CPU
		{23352119-AB78-4979-968B-A008D1524AD3}.Release|Any CPU.Build.0 = Release|Any CPU
		{23352119-AB78-4979-968B-A008D1524AD3}.Release|x86.ActiveCfg = Release|Any CPU
		{23352119-AB78-4979-968B-A008D1524AD3}.Release|x86.Build.0 = Release|Any CPU
		{2437724D-6A34-4E70-9A8E-BA1B7DBD12A3}.Debug|Any CPU.ActiveCfg = Debug|Any CPU
		{2437724D-6A34-4E70-9A8E-BA1B7DBD12A3}.Debug|Any CPU.Build.0 = Debug|Any CPU
		{2437724D-6A34-4E70-9A8E-BA1B7DBD12A3}.Debug|x86.ActiveCfg = Debug|Any CPU
		{2437724D-6A34-4E70-9A8E-BA1B7DBD12A3}.Debug|x86.Build.0 = Debug|Any CPU
		{2437724D-6A34-4E70-9A8E-BA1B7DBD12A3}.Release|Any CPU.ActiveCfg = Release|Any CPU
		{2437724D-6A34-4E70-9A8E-BA1B7DBD12A3}.Release|Any CPU.Build.0 = Release|Any CPU
		{2437724D-6A34-4E70-9A8E-BA1B7DBD12A3}.Release|x86.ActiveCfg = Release|Any CPU
		{2437724D-6A34-4E70-9A8E-BA1B7DBD12A3}.Release|x86.Build.0 = Release|Any CPU
		{FB3A20BD-B853-4733-908B-FEA5532747C5}.Debug|Any CPU.ActiveCfg = Debug|Any CPU
		{FB3A20BD-B853-4733-908B-FEA5532747C5}.Debug|Any CPU.Build.0 = Debug|Any CPU
		{FB3A20BD-B853-4733-908B-FEA5532747C5}.Debug|x86.ActiveCfg = Debug|Any CPU
		{FB3A20BD-B853-4733-908B-FEA5532747C5}.Debug|x86.Build.0 = Debug|Any CPU
		{FB3A20BD-B853-4733-908B-FEA5532747C5}.Release|Any CPU.ActiveCfg = Release|Any CPU
		{FB3A20BD-B853-4733-908B-FEA5532747C5}.Release|Any CPU.Build.0 = Release|Any CPU
		{FB3A20BD-B853-4733-908B-FEA5532747C5}.Release|x86.ActiveCfg = Release|Any CPU
		{FB3A20BD-B853-4733-908B-FEA5532747C5}.Release|x86.Build.0 = Release|Any CPU
		{8504FFF5-660E-40F1-90B1-7FDB204F7DE7}.Debug|Any CPU.ActiveCfg = Debug|Any CPU
		{8504FFF5-660E-40F1-90B1-7FDB204F7DE7}.Debug|Any CPU.Build.0 = Debug|Any CPU
		{8504FFF5-660E-40F1-90B1-7FDB204F7DE7}.Debug|x86.ActiveCfg = Debug|Any CPU
		{8504FFF5-660E-40F1-90B1-7FDB204F7DE7}.Debug|x86.Build.0 = Debug|Any CPU
		{8504FFF5-660E-40F1-90B1-7FDB204F7DE7}.Release|Any CPU.ActiveCfg = Release|Any CPU
		{8504FFF5-660E-40F1-90B1-7FDB204F7DE7}.Release|Any CPU.Build.0 = Release|Any CPU
		{8504FFF5-660E-40F1-90B1-7FDB204F7DE7}.Release|x86.ActiveCfg = Release|Any CPU
		{8504FFF5-660E-40F1-90B1-7FDB204F7DE7}.Release|x86.Build.0 = Release|Any CPU
		{CB2FE933-AB47-4720-9E3C-361BEC40C6B7}.Debug|Any CPU.ActiveCfg = Debug|Any CPU
		{CB2FE933-AB47-4720-9E3C-361BEC40C6B7}.Debug|Any CPU.Build.0 = Debug|Any CPU
		{CB2FE933-AB47-4720-9E3C-361BEC40C6B7}.Debug|x86.ActiveCfg = Debug|Any CPU
		{CB2FE933-AB47-4720-9E3C-361BEC40C6B7}.Debug|x86.Build.0 = Debug|Any CPU
		{CB2FE933-AB47-4720-9E3C-361BEC40C6B7}.Release|Any CPU.ActiveCfg = Release|Any CPU
		{CB2FE933-AB47-4720-9E3C-361BEC40C6B7}.Release|Any CPU.Build.0 = Release|Any CPU
		{CB2FE933-AB47-4720-9E3C-361BEC40C6B7}.Release|x86.ActiveCfg = Release|Any CPU
		{CB2FE933-AB47-4720-9E3C-361BEC40C6B7}.Release|x86.Build.0 = Release|Any CPU
		{CD2720EF-51DD-4976-8143-296B0482AF10}.Debug|Any CPU.ActiveCfg = Debug|Any CPU
		{CD2720EF-51DD-4976-8143-296B0482AF10}.Debug|Any CPU.Build.0 = Debug|Any CPU
		{CD2720EF-51DD-4976-8143-296B0482AF10}.Debug|x86.ActiveCfg = Debug|Any CPU
		{CD2720EF-51DD-4976-8143-296B0482AF10}.Debug|x86.Build.0 = Debug|Any CPU
		{CD2720EF-51DD-4976-8143-296B0482AF10}.Release|Any CPU.ActiveCfg = Release|Any CPU
		{CD2720EF-51DD-4976-8143-296B0482AF10}.Release|Any CPU.Build.0 = Release|Any CPU
		{CD2720EF-51DD-4976-8143-296B0482AF10}.Release|x86.ActiveCfg = Release|Any CPU
		{CD2720EF-51DD-4976-8143-296B0482AF10}.Release|x86.Build.0 = Release|Any CPU
		{B9CE9228-2637-4F6C-853E-7E8561F3DFFD}.Debug|Any CPU.ActiveCfg = Debug|x86
		{B9CE9228-2637-4F6C-853E-7E8561F3DFFD}.Debug|Any CPU.Build.0 = Debug|x86
		{B9CE9228-2637-4F6C-853E-7E8561F3DFFD}.Debug|x86.ActiveCfg = Debug|x86
		{B9CE9228-2637-4F6C-853E-7E8561F3DFFD}.Debug|x86.Build.0 = Debug|x86
		{B9CE9228-2637-4F6C-853E-7E8561F3DFFD}.Release|Any CPU.ActiveCfg = Release|x86
		{B9CE9228-2637-4F6C-853E-7E8561F3DFFD}.Release|x86.ActiveCfg = Release|x86
		{B9CE9228-2637-4F6C-853E-7E8561F3DFFD}.Release|x86.Build.0 = Release|x86
		{563F21FD-57A0-4A61-8170-9CC44CE68BC5}.Debug|Any CPU.ActiveCfg = Debug|Any CPU
		{563F21FD-57A0-4A61-8170-9CC44CE68BC5}.Debug|Any CPU.Build.0 = Debug|Any CPU
		{563F21FD-57A0-4A61-8170-9CC44CE68BC5}.Debug|x86.ActiveCfg = Debug|Any CPU
		{563F21FD-57A0-4A61-8170-9CC44CE68BC5}.Debug|x86.Build.0 = Debug|Any CPU
		{563F21FD-57A0-4A61-8170-9CC44CE68BC5}.Release|Any CPU.ActiveCfg = Release|Any CPU
		{563F21FD-57A0-4A61-8170-9CC44CE68BC5}.Release|Any CPU.Build.0 = Release|Any CPU
		{563F21FD-57A0-4A61-8170-9CC44CE68BC5}.Release|x86.ActiveCfg = Release|Any CPU
		{563F21FD-57A0-4A61-8170-9CC44CE68BC5}.Release|x86.Build.0 = Release|Any CPU
		{C3ABB5B4-2E3E-4372-9EDC-22E435474F7C}.Debug|Any CPU.ActiveCfg = Debug|x86
		{C3ABB5B4-2E3E-4372-9EDC-22E435474F7C}.Debug|Any CPU.Build.0 = Debug|x86
		{C3ABB5B4-2E3E-4372-9EDC-22E435474F7C}.Debug|x86.ActiveCfg = Debug|x86
		{C3ABB5B4-2E3E-4372-9EDC-22E435474F7C}.Debug|x86.Build.0 = Debug|x86
		{C3ABB5B4-2E3E-4372-9EDC-22E435474F7C}.Release|Any CPU.ActiveCfg = Release|x86
		{C3ABB5B4-2E3E-4372-9EDC-22E435474F7C}.Release|x86.ActiveCfg = Release|x86
		{C3ABB5B4-2E3E-4372-9EDC-22E435474F7C}.Release|x86.Build.0 = Release|x86
		{3D7660E6-7A0D-4206-84E0-B0A326C5B437}.Debug|Any CPU.ActiveCfg = Debug|Any CPU
		{3D7660E6-7A0D-4206-84E0-B0A326C5B437}.Debug|Any CPU.Build.0 = Debug|Any CPU
		{3D7660E6-7A0D-4206-84E0-B0A326C5B437}.Debug|x86.ActiveCfg = Debug|Any CPU
		{3D7660E6-7A0D-4206-84E0-B0A326C5B437}.Debug|x86.Build.0 = Debug|Any CPU
		{3D7660E6-7A0D-4206-84E0-B0A326C5B437}.Release|Any CPU.ActiveCfg = Release|Any CPU
		{3D7660E6-7A0D-4206-84E0-B0A326C5B437}.Release|Any CPU.Build.0 = Release|Any CPU
		{3D7660E6-7A0D-4206-84E0-B0A326C5B437}.Release|x86.ActiveCfg = Release|Any CPU
		{3D7660E6-7A0D-4206-84E0-B0A326C5B437}.Release|x86.Build.0 = Release|Any CPU
		{CA0A121E-861E-4FF0-83FE-2EBC3470E49F}.Debug|Any CPU.ActiveCfg = Debug|Any CPU
		{CA0A121E-861E-4FF0-83FE-2EBC3470E49F}.Debug|Any CPU.Build.0 = Debug|Any CPU
		{CA0A121E-861E-4FF0-83FE-2EBC3470E49F}.Debug|x86.ActiveCfg = Debug|Any CPU
		{CA0A121E-861E-4FF0-83FE-2EBC3470E49F}.Debug|x86.Build.0 = Debug|Any CPU
		{CA0A121E-861E-4FF0-83FE-2EBC3470E49F}.Release|Any CPU.ActiveCfg = Release|Any CPU
		{CA0A121E-861E-4FF0-83FE-2EBC3470E49F}.Release|Any CPU.Build.0 = Release|Any CPU
		{CA0A121E-861E-4FF0-83FE-2EBC3470E49F}.Release|x86.ActiveCfg = Release|Any CPU
		{CA0A121E-861E-4FF0-83FE-2EBC3470E49F}.Release|x86.Build.0 = Release|Any CPU
		{FDC82076-308D-4928-A829-441DF974D390}.Debug|Any CPU.ActiveCfg = Debug|Any CPU
		{FDC82076-308D-4928-A829-441DF974D390}.Debug|Any CPU.Build.0 = Debug|Any CPU
		{FDC82076-308D-4928-A829-441DF974D390}.Debug|x86.ActiveCfg = Debug|Any CPU
		{FDC82076-308D-4928-A829-441DF974D390}.Debug|x86.Build.0 = Debug|Any CPU
		{FDC82076-308D-4928-A829-441DF974D390}.Release|Any CPU.ActiveCfg = Release|Any CPU
		{FDC82076-308D-4928-A829-441DF974D390}.Release|Any CPU.Build.0 = Release|Any CPU
		{FDC82076-308D-4928-A829-441DF974D390}.Release|x86.ActiveCfg = Release|Any CPU
		{FDC82076-308D-4928-A829-441DF974D390}.Release|x86.Build.0 = Release|Any CPU
		{CAD02AF3-32E9-48A7-9FED-7C4FC81BA8EF}.Debug|Any CPU.ActiveCfg = Debug|Any CPU
		{CAD02AF3-32E9-48A7-9FED-7C4FC81BA8EF}.Debug|Any CPU.Build.0 = Debug|Any CPU
		{CAD02AF3-32E9-48A7-9FED-7C4FC81BA8EF}.Debug|x86.ActiveCfg = Debug|Any CPU
		{CAD02AF3-32E9-48A7-9FED-7C4FC81BA8EF}.Debug|x86.Build.0 = Debug|Any CPU
		{CAD02AF3-32E9-48A7-9FED-7C4FC81BA8EF}.Release|Any CPU.ActiveCfg = Release|Any CPU
		{CAD02AF3-32E9-48A7-9FED-7C4FC81BA8EF}.Release|Any CPU.Build.0 = Release|Any CPU
		{CAD02AF3-32E9-48A7-9FED-7C4FC81BA8EF}.Release|x86.ActiveCfg = Release|Any CPU
		{CAD02AF3-32E9-48A7-9FED-7C4FC81BA8EF}.Release|x86.Build.0 = Release|Any CPU
	EndGlobalSection
	GlobalSection(SolutionProperties) = preSolution
		HideSolutionNode = FALSE
	EndGlobalSection
	GlobalSection(NestedProjects) = preSolution
		{0F0E5237-3785-450F-87B3-0E9F48BB45CC} = {3C1EDC91-2702-4042-A8C3-AD4876B6F90D}
		{6371E5DE-58D0-46BD-80C3-33EDA626F7FF} = {8FA2E145-48C1-4A34-810D-325EC45DBC57}
		{8FA2E145-48C1-4A34-810D-325EC45DBC57} = {D3DADC96-CE27-498A-B794-38E3F618D33E}
		{C19B2D4E-B867-4B55-A864-A2B7DDFC773D} = {3C1EDC91-2702-4042-A8C3-AD4876B6F90D}
		{3F7EC2D4-F21A-47F3-9EB2-2CE189FF4E34} = {C19B2D4E-B867-4B55-A864-A2B7DDFC773D}
		{0BD73A11-19AE-4990-907C-C55906971C49} = {0F0E5237-3785-450F-87B3-0E9F48BB45CC}
		{D14C4226-BA18-4CBB-85E4-095E13B17B78} = {0F0E5237-3785-450F-87B3-0E9F48BB45CC}
		{97AB7933-414B-486B-908E-F1BF18FD503B} = {0F0E5237-3785-450F-87B3-0E9F48BB45CC}
		{B5DA052E-3C0E-4624-A389-577AB01249B9} = {C19B2D4E-B867-4B55-A864-A2B7DDFC773D}
		{A55B08D3-6506-4122-A236-8B5260EACBCB} = {D3DADC96-CE27-498A-B794-38E3F618D33E}
		{02EEE008-E9D4-4B0E-9EB2-68B90361C68F} = {A55B08D3-6506-4122-A236-8B5260EACBCB}
		{611FD67A-EA68-458A-B77B-656B7BD2CD05} = {E1B5AEAC-2040-404D-97CE-92F2FBEB56D2}
		{88B4E378-CBAC-4F14-8EAD-351FAE97D30F} = {E1B5AEAC-2040-404D-97CE-92F2FBEB56D2}
		{091C87E8-3A8F-447E-A574-D550053C1DD0} = {95CF437D-0102-4E3D-A1C0-E020E628990F}
		{8D99044C-864F-4731-B5F1-95BB13606E99} = {E1B5AEAC-2040-404D-97CE-92F2FBEB56D2}
		{23352119-AB78-4979-968B-A008D1524AD3} = {A55B08D3-6506-4122-A236-8B5260EACBCB}
		{2437724D-6A34-4E70-9A8E-BA1B7DBD12A3} = {8FA2E145-48C1-4A34-810D-325EC45DBC57}
		{FB3A20BD-B853-4733-908B-FEA5532747C5} = {A55B08D3-6506-4122-A236-8B5260EACBCB}
		{3B752D3D-47A8-498B-98C0-98AA0D727C7F} = {9B3BEA16-4803-43E1-BE29-4E0D0CF6175F}
		{8504FFF5-660E-40F1-90B1-7FDB204F7DE7} = {A55B08D3-6506-4122-A236-8B5260EACBCB}
		{CB2FE933-AB47-4720-9E3C-361BEC40C6B7} = {A55B08D3-6506-4122-A236-8B5260EACBCB}
		{CD2720EF-51DD-4976-8143-296B0482AF10} = {95CF437D-0102-4E3D-A1C0-E020E628990F}
		{B9CE9228-2637-4F6C-853E-7E8561F3DFFD} = {19D40184-5F64-4189-9172-6D1191F26952}
		{8D7C0832-81AB-4C82-9A74-3A6E7FA2DC95} = {9B3BEA16-4803-43E1-BE29-4E0D0CF6175F}
		{E1B5AEAC-2040-404D-97CE-92F2FBEB56D2} = {9B3BEA16-4803-43E1-BE29-4E0D0CF6175F}
		{563F21FD-57A0-4A61-8170-9CC44CE68BC5} = {8D7C0832-81AB-4C82-9A74-3A6E7FA2DC95}
		{C3ABB5B4-2E3E-4372-9EDC-22E435474F7C} = {19D40184-5F64-4189-9172-6D1191F26952}
		{547983BD-E6AE-42F8-A840-40ABC6C5E190} = {9B3BEA16-4803-43E1-BE29-4E0D0CF6175F}
		{3D7660E6-7A0D-4206-84E0-B0A326C5B437} = {547983BD-E6AE-42F8-A840-40ABC6C5E190}
		{FE2481EE-8A78-41E5-83EF-A3178904A648} = {2A1864DA-9410-40A2-A896-4FD58F67BA6A}
		{CA0A121E-861E-4FF0-83FE-2EBC3470E49F} = {FE2481EE-8A78-41E5-83EF-A3178904A648}
		{FDC82076-308D-4928-A829-441DF974D390} = {FE2481EE-8A78-41E5-83EF-A3178904A648}
		{CAD02AF3-32E9-48A7-9FED-7C4FC81BA8EF} = {2A1864DA-9410-40A2-A896-4FD58F67BA6A}
	EndGlobalSection
	GlobalSection(ExtensibilityGlobals) = postSolution
		SolutionGuid = {153FFE87-D763-4644-BE3D-7C3C49E17D38}
	EndGlobalSection
EndGlobal
