
Microsoft Visual Studio Solution File, Format Version 12.00
# Visual Studio Version 16
VisualStudioVersion = 16.0.28803.452
MinimumVisualStudioVersion = 10.0.40219.1
Project("{2150E333-8FDC-42A3-9474-1A3956D46DE8}") = "Kapitel 1", "Kapitel 1", "{3C1EDC91-2702-4042-A8C3-AD4876B6F90D}"
EndProject
Project("{2150E333-8FDC-42A3-9474-1A3956D46DE8}") = "Diverse övningsuppgifter", "Diverse övningsuppgifter", "{0F0E5237-3785-450F-87B3-0E9F48BB45CC}"
EndProject
Project("{9A19103F-16F7-4668-BE54-9A1E7A4F7556}") = "ArvMedDjur", "ArvMedDjur\ArvMedDjur.csproj", "{6371E5DE-58D0-46BD-80C3-33EDA626F7FF}"
EndProject
Project("{2150E333-8FDC-42A3-9474-1A3956D46DE8}") = "Kapitel 2", "Kapitel 2", "{D3DADC96-CE27-498A-B794-38E3F618D33E}"
EndProject
Project("{2150E333-8FDC-42A3-9474-1A3956D46DE8}") = "Diverse övningsuppgifter", "Diverse övningsuppgifter", "{8FA2E145-48C1-4A34-810D-325EC45DBC57}"
EndProject
Project("{2150E333-8FDC-42A3-9474-1A3956D46DE8}") = "Övningar", "Övningar", "{C19B2D4E-B867-4B55-A864-A2B7DDFC773D}"
EndProject
Project("{FAE04EC0-301F-11D3-BF4B-00C04F79EFBC}") = "Övning 1.5", "Fordon Improved\Fordon Improved\Övning 1.5.csproj", "{3F7EC2D4-F21A-47F3-9EB2-2CE189FF4E34}"
EndProject
Project("{9A19103F-16F7-4668-BE54-9A1E7A4F7556}") = "MetodCheck", "MetodCheck\MetodCheck.csproj", "{0BD73A11-19AE-4990-907C-C55906971C49}"
EndProject
Project("{FAE04EC0-301F-11D3-BF4B-00C04F79EFBC}") = "Strängomvandlare", "Strängomvandlare\Strängomvandlare.csproj", "{D14C4226-BA18-4CBB-85E4-095E13B17B78}"
EndProject
Project("{FAE04EC0-301F-11D3-BF4B-00C04F79EFBC}") = "Träna på klasser", "Träna på klasser\Träna på klasser.csproj", "{97AB7933-414B-486B-908E-F1BF18FD503B}"
EndProject
Project("{FAE04EC0-301F-11D3-BF4B-00C04F79EFBC}") = "Övning 1.1", "Övning 1.1\Övning 1.1\Övning 1.1.csproj", "{B5DA052E-3C0E-4624-A389-577AB01249B9}"
EndProject
Project("{2150E333-8FDC-42A3-9474-1A3956D46DE8}") = "Övningar", "Övningar", "{A55B08D3-6506-4122-A236-8B5260EACBCB}"
EndProject
Project("{FAE04EC0-301F-11D3-BF4B-00C04F79EFBC}") = "Övning 2.1", "Övning 2.1\Övning 2.1.csproj", "{02EEE008-E9D4-4B0E-9EB2-68B90361C68F}"
EndProject
Project("{2150E333-8FDC-42A3-9474-1A3956D46DE8}") = "Övrigt", "Övrigt", "{9B3BEA16-4803-43E1-BE29-4E0D0CF6175F}"
EndProject
Project("{FAE04EC0-301F-11D3-BF4B-00C04F79EFBC}") = "Programmeringsanteckningar", "Programmeringsanteckningar\Programmeringsanteckningar.csproj", "{611FD67A-EA68-458A-B77B-656B7BD2CD05}"
EndProject
Project("{FAE04EC0-301F-11D3-BF4B-00C04F79EFBC}") = "Programmeringsanteckningar_CMD", "Programmeringsanteckningar_CMD\Programmeringsanteckningar_CMD.csproj", "{88B4E378-CBAC-4F14-8EAD-351FAE97D30F}"
EndProject
Project("{2150E333-8FDC-42A3-9474-1A3956D46DE8}") = "Prov Arkiv", "Prov Arkiv", "{95CF437D-0102-4E3D-A1C0-E020E628990F}"
EndProject
Project("{FAE04EC0-301F-11D3-BF4B-00C04F79EFBC}") = "PROV_KAP_1_ERIK_JUNSVED", "PROV_KAP_1_ERIK_JUNSVED\PROV_KAP_1_ERIK_JUNSVED\PROV_KAP_1_ERIK_JUNSVED.csproj", "{091C87E8-3A8F-447E-A574-D550053C1DD0}"
EndProject
Project("{FAE04EC0-301F-11D3-BF4B-00C04F79EFBC}") = "Övning 2.1 - Gå-tillbaka-kopia", "Övning 2.1 - kopia\Övning 2.1 - Gå-tillbaka-kopia.csproj", "{8D99044C-864F-4731-B5F1-95BB13606E99}"
EndProject
Global
	GlobalSection(SolutionConfigurationPlatforms) = preSolution
		Debug|Any CPU = Debug|Any CPU
		Release|Any CPU = Release|Any CPU
	EndGlobalSection
	GlobalSection(ProjectConfigurationPlatforms) = postSolution
		{6371E5DE-58D0-46BD-80C3-33EDA626F7FF}.Debug|Any CPU.ActiveCfg = Debug|Any CPU
		{6371E5DE-58D0-46BD-80C3-33EDA626F7FF}.Debug|Any CPU.Build.0 = Debug|Any CPU
		{6371E5DE-58D0-46BD-80C3-33EDA626F7FF}.Release|Any CPU.ActiveCfg = Release|Any CPU
		{6371E5DE-58D0-46BD-80C3-33EDA626F7FF}.Release|Any CPU.Build.0 = Release|Any CPU
		{3F7EC2D4-F21A-47F3-9EB2-2CE189FF4E34}.Debug|Any CPU.ActiveCfg = Debug|Any CPU
		{3F7EC2D4-F21A-47F3-9EB2-2CE189FF4E34}.Debug|Any CPU.Build.0 = Debug|Any CPU
		{3F7EC2D4-F21A-47F3-9EB2-2CE189FF4E34}.Release|Any CPU.ActiveCfg = Release|Any CPU
		{3F7EC2D4-F21A-47F3-9EB2-2CE189FF4E34}.Release|Any CPU.Build.0 = Release|Any CPU
		{0BD73A11-19AE-4990-907C-C55906971C49}.Debug|Any CPU.ActiveCfg = Debug|Any CPU
		{0BD73A11-19AE-4990-907C-C55906971C49}.Debug|Any CPU.Build.0 = Debug|Any CPU
		{0BD73A11-19AE-4990-907C-C55906971C49}.Release|Any CPU.ActiveCfg = Release|Any CPU
		{0BD73A11-19AE-4990-907C-C55906971C49}.Release|Any CPU.Build.0 = Release|Any CPU
		{D14C4226-BA18-4CBB-85E4-095E13B17B78}.Debug|Any CPU.ActiveCfg = Debug|Any CPU
		{D14C4226-BA18-4CBB-85E4-095E13B17B78}.Debug|Any CPU.Build.0 = Debug|Any CPU
		{D14C4226-BA18-4CBB-85E4-095E13B17B78}.Release|Any CPU.ActiveCfg = Release|Any CPU
		{D14C4226-BA18-4CBB-85E4-095E13B17B78}.Release|Any CPU.Build.0 = Release|Any CPU
		{97AB7933-414B-486B-908E-F1BF18FD503B}.Debug|Any CPU.ActiveCfg = Debug|Any CPU
		{97AB7933-414B-486B-908E-F1BF18FD503B}.Debug|Any CPU.Build.0 = Debug|Any CPU
		{97AB7933-414B-486B-908E-F1BF18FD503B}.Release|Any CPU.ActiveCfg = Release|Any CPU
		{97AB7933-414B-486B-908E-F1BF18FD503B}.Release|Any CPU.Build.0 = Release|Any CPU
		{B5DA052E-3C0E-4624-A389-577AB01249B9}.Debug|Any CPU.ActiveCfg = Debug|Any CPU
		{B5DA052E-3C0E-4624-A389-577AB01249B9}.Debug|Any CPU.Build.0 = Debug|Any CPU
		{B5DA052E-3C0E-4624-A389-577AB01249B9}.Release|Any CPU.ActiveCfg = Release|Any CPU
		{B5DA052E-3C0E-4624-A389-577AB01249B9}.Release|Any CPU.Build.0 = Release|Any CPU
		{02EEE008-E9D4-4B0E-9EB2-68B90361C68F}.Debug|Any CPU.ActiveCfg = Debug|Any CPU
		{02EEE008-E9D4-4B0E-9EB2-68B90361C68F}.Debug|Any CPU.Build.0 = Debug|Any CPU
		{02EEE008-E9D4-4B0E-9EB2-68B90361C68F}.Release|Any CPU.ActiveCfg = Release|Any CPU
		{02EEE008-E9D4-4B0E-9EB2-68B90361C68F}.Release|Any CPU.Build.0 = Release|Any CPU
		{611FD67A-EA68-458A-B77B-656B7BD2CD05}.Debug|Any CPU.ActiveCfg = Debug|Any CPU
		{611FD67A-EA68-458A-B77B-656B7BD2CD05}.Debug|Any CPU.Build.0 = Debug|Any CPU
		{611FD67A-EA68-458A-B77B-656B7BD2CD05}.Release|Any CPU.ActiveCfg = Release|Any CPU
		{611FD67A-EA68-458A-B77B-656B7BD2CD05}.Release|Any CPU.Build.0 = Release|Any CPU
		{88B4E378-CBAC-4F14-8EAD-351FAE97D30F}.Debug|Any CPU.ActiveCfg = Debug|Any CPU
		{88B4E378-CBAC-4F14-8EAD-351FAE97D30F}.Debug|Any CPU.Build.0 = Debug|Any CPU
		{88B4E378-CBAC-4F14-8EAD-351FAE97D30F}.Release|Any CPU.ActiveCfg = Release|Any CPU
		{88B4E378-CBAC-4F14-8EAD-351FAE97D30F}.Release|Any CPU.Build.0 = Release|Any CPU
		{091C87E8-3A8F-447E-A574-D550053C1DD0}.Debug|Any CPU.ActiveCfg = Debug|Any CPU
		{091C87E8-3A8F-447E-A574-D550053C1DD0}.Debug|Any CPU.Build.0 = Debug|Any CPU
		{091C87E8-3A8F-447E-A574-D550053C1DD0}.Release|Any CPU.ActiveCfg = Release|Any CPU
		{091C87E8-3A8F-447E-A574-D550053C1DD0}.Release|Any CPU.Build.0 = Release|Any CPU
		{8D99044C-864F-4731-B5F1-95BB13606E99}.Debug|Any CPU.ActiveCfg = Debug|Any CPU
		{8D99044C-864F-4731-B5F1-95BB13606E99}.Debug|Any CPU.Build.0 = Debug|Any CPU
		{8D99044C-864F-4731-B5F1-95BB13606E99}.Release|Any CPU.ActiveCfg = Release|Any CPU
		{8D99044C-864F-4731-B5F1-95BB13606E99}.Release|Any CPU.Build.0 = Release|Any CPU
	EndGlobalSection
	GlobalSection(SolutionProperties) = preSolution
		HideSolutionNode = FALSE
	EndGlobalSection
	GlobalSection(NestedProjects) = preSolution
		{0F0E5237-3785-450F-87B3-0E9F48BB45CC} = {3C1EDC91-2702-4042-A8C3-AD4876B6F90D}
		{6371E5DE-58D0-46BD-80C3-33EDA626F7FF} = {8FA2E145-48C1-4A34-810D-325EC45DBC57}
		{8FA2E145-48C1-4A34-810D-325EC45DBC57} = {D3DADC96-CE27-498A-B794-38E3F618D33E}
		{C19B2D4E-B867-4B55-A864-A2B7DDFC773D} = {3C1EDC91-2702-4042-A8C3-AD4876B6F90D}
		{3F7EC2D4-F21A-47F3-9EB2-2CE189FF4E34} = {C19B2D4E-B867-4B55-A864-A2B7DDFC773D}
		{0BD73A11-19AE-4990-907C-C55906971C49} = {0F0E5237-3785-450F-87B3-0E9F48BB45CC}
		{D14C4226-BA18-4CBB-85E4-095E13B17B78} = {0F0E5237-3785-450F-87B3-0E9F48BB45CC}
		{97AB7933-414B-486B-908E-F1BF18FD503B} = {0F0E5237-3785-450F-87B3-0E9F48BB45CC}
		{B5DA052E-3C0E-4624-A389-577AB01249B9} = {C19B2D4E-B867-4B55-A864-A2B7DDFC773D}
		{A55B08D3-6506-4122-A236-8B5260EACBCB} = {D3DADC96-CE27-498A-B794-38E3F618D33E}
		{02EEE008-E9D4-4B0E-9EB2-68B90361C68F} = {A55B08D3-6506-4122-A236-8B5260EACBCB}
		{611FD67A-EA68-458A-B77B-656B7BD2CD05} = {9B3BEA16-4803-43E1-BE29-4E0D0CF6175F}
		{88B4E378-CBAC-4F14-8EAD-351FAE97D30F} = {9B3BEA16-4803-43E1-BE29-4E0D0CF6175F}
		{091C87E8-3A8F-447E-A574-D550053C1DD0} = {95CF437D-0102-4E3D-A1C0-E020E628990F}
		{8D99044C-864F-4731-B5F1-95BB13606E99} = {9B3BEA16-4803-43E1-BE29-4E0D0CF6175F}
	EndGlobalSection
	GlobalSection(ExtensibilityGlobals) = postSolution
		SolutionGuid = {153FFE87-D763-4644-BE3D-7C3C49E17D38}
	EndGlobalSection
EndGlobal
